
Microsoft Visual Studio Solution File, Format Version 12.00
# Visual Studio Version 17
VisualStudioVersion = 17.13.35825.156 d17.13
MinimumVisualStudioVersion = 10.0.40219.1
Project("{FAE04EC0-301F-11D3-BF4B-00C04F79EFBC}") = "DSAHomework1", "DSAHomework1\DSAHomework1.csproj", "{4ADBA861-5F24-4C13-9B88-83591E23B781}"
EndProject
Global
	GlobalSection(SolutionConfigurationPlatforms) = preSolution
		Debug|Any CPU = Debug|Any CPU
		Release|Any CPU = Release|Any CPU
	EndGlobalSection
	GlobalSection(ProjectConfigurationPlatforms) = postSolution
		{4ADBA861-5F24-4C13-9B88-83591E23B781}.Debug|Any CPU.ActiveCfg = Debug|Any CPU
		{4ADBA861-5F24-4C13-9B88-83591E23B781}.Debug|Any CPU.Build.0 = Debug|Any CPU
		{4ADBA861-5F24-4C13-9B88-83591E23B781}.Release|Any CPU.ActiveCfg = Release|Any CPU
		{4ADBA861-5F24-4C13-9B88-83591E23B781}.Release|Any CPU.Build.0 = Release|Any CPU
	EndGlobalSection
	GlobalSection(SolutionProperties) = preSolution
		HideSolutionNode = FALSE
	EndGlobalSection
	GlobalSection(ExtensibilityGlobals) = postSolution
		SolutionGuid = {02647F7A-C712-4B07-A9EF-36CAA11B7E20}
	EndGlobalSection
EndGlobal
